
Microsoft Visual Studio Solution File, Format Version 12.00
# Visual Studio Version 17
VisualStudioVersion = 17.5.002.0
MinimumVisualStudioVersion = 10.0.40219.1
Project("{9A19103F-16F7-4668-BE54-9A1E7A4F7556}") = "Boat Manager", "Boat Manager.csproj", "{980D7B07-4449-410A-860F-323C20E35814}"
EndProject
Global
	GlobalSection(SolutionConfigurationPlatforms) = preSolution
		Debug|Any CPU = Debug|Any CPU
		Release|Any CPU = Release|Any CPU
	EndGlobalSection
	GlobalSection(ProjectConfigurationPlatforms) = postSolution
		{980D7B07-4449-410A-860F-323C20E35814}.Debug|Any CPU.ActiveCfg = Debug|Any CPU
		{980D7B07-4449-410A-860F-323C20E35814}.Debug|Any CPU.Build.0 = Debug|Any CPU
		{980D7B07-4449-410A-860F-323C20E35814}.Release|Any CPU.ActiveCfg = Release|Any CPU
		{980D7B07-4449-410A-860F-323C20E35814}.Release|Any CPU.Build.0 = Release|Any CPU
	EndGlobalSection
	GlobalSection(SolutionProperties) = preSolution
		HideSolutionNode = FALSE
	EndGlobalSection
	GlobalSection(ExtensibilityGlobals) = postSolution
		SolutionGuid = {836D3DA8-13A9-4E96-811F-60C39F16C0A9}
	EndGlobalSection
EndGlobal
